// !$*UTF8*$!
{
	archiveVersion = 1;
	classes = {
	};
	objectVersion = 48;
	objects = {

/* Begin PBXBuildFile section */
		189143E5205812CE001784F5 /* AppDelegate.m in Sources */ = {isa = PBXBuildFile; fileRef = 189143E4205812CE001784F5 /* AppDelegate.m */; };
		189143E8205812CE001784F5 /* ViewController.m in Sources */ = {isa = PBXBuildFile; fileRef = 189143E7205812CE001784F5 /* ViewController.m */; };
		189143EB205812CE001784F5 /* Main.storyboard in Resources */ = {isa = PBXBuildFile; fileRef = 189143E9205812CE001784F5 /* Main.storyboard */; };
		189143ED205812CE001784F5 /* Assets.xcassets in Resources */ = {isa = PBXBuildFile; fileRef = 189143EC205812CE001784F5 /* Assets.xcassets */; };
		189143F0205812CE001784F5 /* LaunchScreen.storyboard in Resources */ = {isa = PBXBuildFile; fileRef = 189143EE205812CE001784F5 /* LaunchScreen.storyboard */; };
		189143F3205812CE001784F5 /* main.m in Sources */ = {isa = PBXBuildFile; fileRef = 189143F2205812CE001784F5 /* main.m */; };
		189143FD205812CE001784F5 /* _2_runtime____Tests.m in Sources */ = {isa = PBXBuildFile; fileRef = 189143FC205812CE001784F5 /* _2_runtime____Tests.m */; };
		18914408205812CE001784F5 /* _2_runtime____UITests.m in Sources */ = {isa = PBXBuildFile; fileRef = 18914407205812CE001784F5 /* _2_runtime____UITests.m */; };
		18914417205816FE001784F5 /* UIImage+image.m in Sources */ = {isa = PBXBuildFile; fileRef = 18914416205816FE001784F5 /* UIImage+image.m */; };
/* End PBXBuildFile section */

/* Begin PBXContainerItemProxy section */
		189143F9205812CE001784F5 /* PBXContainerItemProxy */ = {
			isa = PBXContainerItemProxy;
			containerPortal = 189143D8205812CE001784F5 /* Project object */;
			proxyType = 1;
			remoteGlobalIDString = 189143DF205812CE001784F5;
			remoteInfo = "02-runtime交换方法";
		};
		18914404205812CE001784F5 /* PBXContainerItemProxy */ = {
			isa = PBXContainerItemProxy;
			containerPortal = 189143D8205812CE001784F5 /* Project object */;
			proxyType = 1;
			remoteGlobalIDString = 189143DF205812CE001784F5;
			remoteInfo = "02-runtime交换方法";
		};
/* End PBXContainerItemProxy section */

/* Begin PBXFileReference section */
		189143E0205812CE001784F5 /* 02-runtime交换方法.app */ = {isa = PBXFileReference; explicitFileType = wrapper.application; includeInIndex = 0; path = "02-runtime交换方法.app"; sourceTree = BUILT_PRODUCTS_DIR; };
		189143E3205812CE001784F5 /* AppDelegate.h */ = {isa = PBXFileReference; lastKnownFileType = sourcecode.c.h; path = AppDelegate.h; sourceTree = "<group>"; };
		189143E4205812CE001784F5 /* AppDelegate.m */ = {isa = PBXFileReference; lastKnownFileType = sourcecode.c.objc; path = AppDelegate.m; sourceTree = "<group>"; };
		189143E6205812CE001784F5 /* ViewController.h */ = {isa = PBXFileReference; lastKnownFileType = sourcecode.c.h; path = ViewController.h; sourceTree = "<group>"; };
		189143E7205812CE001784F5 /* ViewController.m */ = {isa = PBXFileReference; lastKnownFileType = sourcecode.c.objc; path = ViewController.m; sourceTree = "<group>"; };
		189143EA205812CE001784F5 /* Base */ = {isa = PBXFileReference; lastKnownFileType = file.storyboard; name = Base; path = Base.lproj/Main.storyboard; sourceTree = "<group>"; };
		189143EC205812CE001784F5 /* Assets.xcassets */ = {isa = PBXFileReference; lastKnownFileType = folder.assetcatalog; path = Assets.xcassets; sourceTree = "<group>"; };
		189143EF205812CE001784F5 /* Base */ = {isa = PBXFileReference; lastKnownFileType = file.storyboard; name = Base; path = Base.lproj/LaunchScreen.storyboard; sourceTree = "<group>"; };
		189143F1205812CE001784F5 /* Info.plist */ = {isa = PBXFileReference; lastKnownFileType = text.plist.xml; path = Info.plist; sourceTree = "<group>"; };
		189143F2205812CE001784F5 /* main.m */ = {isa = PBXFileReference; lastKnownFileType = sourcecode.c.objc; path = main.m; sourceTree = "<group>"; };
		189143F8205812CE001784F5 /* 02-runtime交换方法Tests.xctest */ = {isa = PBXFileReference; explicitFileType = wrapper.cfbundle; includeInIndex = 0; path = "02-runtime交换方法Tests.xctest"; sourceTree = BUILT_PRODUCTS_DIR; };
		189143FC205812CE001784F5 /* _2_runtime____Tests.m */ = {isa = PBXFileReference; lastKnownFileType = sourcecode.c.objc; path = "_2_runtime____Tests.m"; sourceTree = "<group>"; };
		189143FE205812CE001784F5 /* Info.plist */ = {isa = PBXFileReference; lastKnownFileType = text.plist.xml; path = Info.plist; sourceTree = "<group>"; };
		18914403205812CE001784F5 /* 02-runtime交换方法UITests.xctest */ = {isa = PBXFileReference; explicitFileType = wrapper.cfbundle; includeInIndex = 0; path = "02-runtime交换方法UITests.xctest"; sourceTree = BUILT_PRODUCTS_DIR; };
		18914407205812CE001784F5 /* _2_runtime____UITests.m */ = {isa = PBXFileReference; lastKnownFileType = sourcecode.c.objc; path = "_2_runtime____UITests.m"; sourceTree = "<group>"; };
		18914409205812CE001784F5 /* Info.plist */ = {isa = PBXFileReference; lastKnownFileType = text.plist.xml; path = Info.plist; sourceTree = "<group>"; };
		18914415205816FE001784F5 /* UIImage+image.h */ = {isa = PBXFileReference; lastKnownFileType = sourcecode.c.h; path = "UIImage+image.h"; sourceTree = "<group>"; };
		18914416205816FE001784F5 /* UIImage+image.m */ = {isa = PBXFileReference; lastKnownFileType = sourcecode.c.objc; path = "UIImage+image.m"; sourceTree = "<group>"; };
/* End PBXFileReference section */

/* Begin PBXFrameworksBuildPhase section */
		189143DD205812CE001784F5 /* Frameworks */ = {
			isa = PBXFrameworksBuildPhase;
			buildActionMask = 2147483647;
			files = (
			);
			runOnlyForDeploymentPostprocessing = 0;
		};
		189143F5205812CE001784F5 /* Frameworks */ = {
			isa = PBXFrameworksBuildPhase;
			buildActionMask = 2147483647;
			files = (
			);
			runOnlyForDeploymentPostprocessing = 0;
		};
		18914400205812CE001784F5 /* Frameworks */ = {
			isa = PBXFrameworksBuildPhase;
			buildActionMask = 2147483647;
			files = (
			);
			runOnlyForDeploymentPostprocessing = 0;
		};
/* End PBXFrameworksBuildPhase section */

/* Begin PBXGroup section */
		189143D7205812CE001784F5 = {
			isa = PBXGroup;
			children = (
				189143E2205812CE001784F5 /* 02-runtime交换方法 */,
				189143FB205812CE001784F5 /* 02-runtime交换方法Tests */,
				18914406205812CE001784F5 /* 02-runtime交换方法UITests */,
				189143E1205812CE001784F5 /* Products */,
			);
			sourceTree = "<group>";
		};
		189143E1205812CE001784F5 /* Products */ = {
			isa = PBXGroup;
			children = (
				189143E0205812CE001784F5 /* 02-runtime交换方法.app */,
				189143F8205812CE001784F5 /* 02-runtime交换方法Tests.xctest */,
				18914403205812CE001784F5 /* 02-runtime交换方法UITests.xctest */,
			);
			name = Products;
			sourceTree = "<group>";
		};
		189143E2205812CE001784F5 /* 02-runtime交换方法 */ = {
			isa = PBXGroup;
			children = (
				189143E3205812CE001784F5 /* AppDelegate.h */,
				189143E4205812CE001784F5 /* AppDelegate.m */,
				189143E6205812CE001784F5 /* ViewController.h */,
				189143E7205812CE001784F5 /* ViewController.m */,
				18914415205816FE001784F5 /* UIImage+image.h */,
				18914416205816FE001784F5 /* UIImage+image.m */,
				189143E9205812CE001784F5 /* Main.storyboard */,
				189143EC205812CE001784F5 /* Assets.xcassets */,
				189143EE205812CE001784F5 /* LaunchScreen.storyboard */,
				189143F1205812CE001784F5 /* Info.plist */,
				189143F2205812CE001784F5 /* main.m */,
			);
			path = "02-runtime交换方法";
			sourceTree = "<group>";
		};
		189143FB205812CE001784F5 /* 02-runtime交换方法Tests */ = {
			isa = PBXGroup;
			children = (
				189143FC205812CE001784F5 /* _2_runtime____Tests.m */,
				189143FE205812CE001784F5 /* Info.plist */,
			);
			path = "02-runtime交换方法Tests";
			sourceTree = "<group>";
		};
		18914406205812CE001784F5 /* 02-runtime交换方法UITests */ = {
			isa = PBXGroup;
			children = (
				18914407205812CE001784F5 /* _2_runtime____UITests.m */,
				18914409205812CE001784F5 /* Info.plist */,
			);
			path = "02-runtime交换方法UITests";
			sourceTree = "<group>";
		};
/* End PBXGroup section */

/* Begin PBXNativeTarget section */
		189143DF205812CE001784F5 /* 02-runtime交换方法 */ = {
			isa = PBXNativeTarget;
			buildConfigurationList = 1891440C205812CE001784F5 /* Build configuration list for PBXNativeTarget "02-runtime交换方法" */;
			buildPhases = (
				189143DC205812CE001784F5 /* Sources */,
				189143DD205812CE001784F5 /* Frameworks */,
				189143DE205812CE001784F5 /* Resources */,
			);
			buildRules = (
			);
			dependencies = (
			);
			name = "02-runtime交换方法";
			productName = "02-runtime交换方法";
			productReference = 189143E0205812CE001784F5 /* 02-runtime交换方法.app */;
			productType = "com.apple.product-type.application";
		};
		189143F7205812CE001784F5 /* 02-runtime交换方法Tests */ = {
			isa = PBXNativeTarget;
			buildConfigurationList = 1891440F205812CE001784F5 /* Build configuration list for PBXNativeTarget "02-runtime交换方法Tests" */;
			buildPhases = (
				189143F4205812CE001784F5 /* Sources */,
				189143F5205812CE001784F5 /* Frameworks */,
				189143F6205812CE001784F5 /* Resources */,
			);
			buildRules = (
			);
			dependencies = (
				189143FA205812CE001784F5 /* PBXTargetDependency */,
			);
			name = "02-runtime交换方法Tests";
			productName = "02-runtime交换方法Tests";
			productReference = 189143F8205812CE001784F5 /* 02-runtime交换方法Tests.xctest */;
			productType = "com.apple.product-type.bundle.unit-test";
		};
		18914402205812CE001784F5 /* 02-runtime交换方法UITests */ = {
			isa = PBXNativeTarget;
			buildConfigurationList = 18914412205812CE001784F5 /* Build configuration list for PBXNativeTarget "02-runtime交换方法UITests" */;
			buildPhases = (
				189143FF205812CE001784F5 /* Sources */,
				18914400205812CE001784F5 /* Frameworks */,
				18914401205812CE001784F5 /* Resources */,
			);
			buildRules = (
			);
			dependencies = (
				18914405205812CE001784F5 /* PBXTargetDependency */,
			);
			name = "02-runtime交换方法UITests";
			productName = "02-runtime交换方法UITests";
			productReference = 18914403205812CE001784F5 /* 02-runtime交换方法UITests.xctest */;
			productType = "com.apple.product-type.bundle.ui-testing";
		};
/* End PBXNativeTarget section */

/* Begin PBXProject section */
		189143D8205812CE001784F5 /* Project object */ = {
			isa = PBXProject;
			attributes = {
				LastUpgradeCheck = 0900;
				ORGANIZATIONNAME = yangchao;
				TargetAttributes = {
					189143DF205812CE001784F5 = {
						CreatedOnToolsVersion = 9.0;
						ProvisioningStyle = Automatic;
					};
					189143F7205812CE001784F5 = {
						CreatedOnToolsVersion = 9.0;
						ProvisioningStyle = Automatic;
						TestTargetID = 189143DF205812CE001784F5;
					};
					18914402205812CE001784F5 = {
						CreatedOnToolsVersion = 9.0;
						ProvisioningStyle = Automatic;
						TestTargetID = 189143DF205812CE001784F5;
					};
				};
			};
			buildConfigurationList = 189143DB205812CE001784F5 /* Build configuration list for PBXProject "02-runtime交换方法" */;
			compatibilityVersion = "Xcode 8.0";
			developmentRegion = en;
			hasScannedForEncodings = 0;
			knownRegions = (
				en,
				Base,
			);
			mainGroup = 189143D7205812CE001784F5;
			productRefGroup = 189143E1205812CE001784F5 /* Products */;
			projectDirPath = "";
			projectRoot = "";
			targets = (
				189143DF205812CE001784F5 /* 02-runtime交换方法 */,
				189143F7205812CE001784F5 /* 02-runtime交换方法Tests */,
				18914402205812CE001784F5 /* 02-runtime交换方法UITests */,
			);
		};
/* End PBXProject section */

/* Begin PBXResourcesBuildPhase section */
		189143DE205812CE001784F5 /* Resources */ = {
			isa = PBXResourcesBuildPhase;
			buildActionMask = 2147483647;
			files = (
				189143F0205812CE001784F5 /* LaunchScreen.storyboard in Resources */,
				189143ED205812CE001784F5 /* Assets.xcassets in Resources */,
				189143EB205812CE001784F5 /* Main.storyboard in Resources */,
			);
			runOnlyForDeploymentPostprocessing = 0;
		};
		189143F6205812CE001784F5 /* Resources */ = {
			isa = PBXResourcesBuildPhase;
			buildActionMask = 2147483647;
			files = (
			);
			runOnlyForDeploymentPostprocessing = 0;
		};
		18914401205812CE001784F5 /* Resources */ = {
			isa = PBXResourcesBuildPhase;
			buildActionMask = 2147483647;
			files = (
			);
			runOnlyForDeploymentPostprocessing = 0;
		};
/* End PBXResourcesBuildPhase section */

/* Begin PBXSourcesBuildPhase section */
		189143DC205812CE001784F5 /* Sources */ = {
			isa = PBXSourcesBuildPhase;
			buildActionMask = 2147483647;
			files = (
				189143E8205812CE001784F5 /* ViewController.m in Sources */,
				18914417205816FE001784F5 /* UIImage+image.m in Sources */,
				189143F3205812CE001784F5 /* main.m in Sources */,
				189143E5205812CE001784F5 /* AppDelegate.m in Sources */,
			);
			runOnlyForDeploymentPostprocessing = 0;
		};
		189143F4205812CE001784F5 /* Sources */ = {
			isa = PBXSourcesBuildPhase;
			buildActionMask = 2147483647;
			files = (
				189143FD205812CE001784F5 /* _2_runtime____Tests.m in Sources */,
			);
			runOnlyForDeploymentPostprocessing = 0;
		};
		189143FF205812CE001784F5 /* Sources */ = {
			isa = PBXSourcesBuildPhase;
			buildActionMask = 2147483647;
			files = (
				18914408205812CE001784F5 /* _2_runtime____UITests.m in Sources */,
			);
			runOnlyForDeploymentPostprocessing = 0;
		};
/* End PBXSourcesBuildPhase section */

/* Begin PBXTargetDependency section */
		189143FA205812CE001784F5 /* PBXTargetDependency */ = {
			isa = PBXTargetDependency;
			target = 189143DF205812CE001784F5 /* 02-runtime交换方法 */;
			targetProxy = 189143F9205812CE001784F5 /* PBXContainerItemProxy */;
		};
		18914405205812CE001784F5 /* PBXTargetDependency */ = {
			isa = PBXTargetDependency;
			target = 189143DF205812CE001784F5 /* 02-runtime交换方法 */;
			targetProxy = 18914404205812CE001784F5 /* PBXContainerItemProxy */;
		};
/* End PBXTargetDependency section */

/* Begin PBXVariantGroup section */
		189143E9205812CE001784F5 /* Main.storyboard */ = {
			isa = PBXVariantGroup;
			children = (
				189143EA205812CE001784F5 /* Base */,
			);
			name = Main.storyboard;
			sourceTree = "<group>";
		};
		189143EE205812CE001784F5 /* LaunchScreen.storyboard */ = {
			isa = PBXVariantGroup;
			children = (
				189143EF205812CE001784F5 /* Base */,
			);
			name = LaunchScreen.storyboard;
			sourceTree = "<group>";
		};
/* End PBXVariantGroup section */

/* Begin XCBuildConfiguration section */
		1891440A205812CE001784F5 /* Debug */ = {
			isa = XCBuildConfiguration;
			buildSettings = {
				ALWAYS_SEARCH_USER_PATHS = NO;
				CLANG_ANALYZER_NONNULL = YES;
				CLANG_ANALYZER_NUMBER_OBJECT_CONVERSION = YES_AGGRESSIVE;
				CLANG_CXX_LANGUAGE_STANDARD = "gnu++14";
				CLANG_CXX_LIBRARY = "libc++";
				CLANG_ENABLE_MODULES = YES;
				CLANG_ENABLE_OBJC_ARC = YES;
				CLANG_WARN_BLOCK_CAPTURE_AUTORELEASING = YES;
				CLANG_WARN_BOOL_CONVERSION = YES;
				CLANG_WARN_COMMA = YES;
				CLANG_WARN_CONSTANT_CONVERSION = YES;
				CLANG_WARN_DIRECT_OBJC_ISA_USAGE = YES_ERROR;
				CLANG_WARN_DOCUMENTATION_COMMENTS = YES;
				CLANG_WARN_EMPTY_BODY = YES;
				CLANG_WARN_ENUM_CONVERSION = YES;
				CLANG_WARN_INFINITE_RECURSION = YES;
				CLANG_WARN_INT_CONVERSION = YES;
				CLANG_WARN_NON_LITERAL_NULL_CONVERSION = YES;
				CLANG_WARN_OBJC_LITERAL_CONVERSION = YES;
				CLANG_WARN_OBJC_ROOT_CLASS = YES_ERROR;
				CLANG_WARN_RANGE_LOOP_ANALYSIS = YES;
				CLANG_WARN_STRICT_PROTOTYPES = YES;
				CLANG_WARN_SUSPICIOUS_MOVE = YES;
				CLANG_WARN_UNGUARDED_AVAILABILITY = YES_AGGRESSIVE;
				CLANG_WARN_UNREACHABLE_CODE = YES;
				CLANG_WARN__DUPLICATE_METHOD_MATCH = YES;
				CODE_SIGN_IDENTITY = "iPhone Developer";
				COPY_PHASE_STRIP = NO;
				DEBUG_INFORMATION_FORMAT = dwarf;
				ENABLE_STRICT_OBJC_MSGSEND = YES;
				ENABLE_TESTABILITY = YES;
				GCC_C_LANGUAGE_STANDARD = gnu11;
				GCC_DYNAMIC_NO_PIC = NO;
				GCC_NO_COMMON_BLOCKS = YES;
				GCC_OPTIMIZATION_LEVEL = 0;
				GCC_PREPROCESSOR_DEFINITIONS = (
					"DEBUG=1",
					"$(inherited)",
				);
				GCC_WARN_64_TO_32_BIT_CONVERSION = YES;
				GCC_WARN_ABOUT_RETURN_TYPE = YES_ERROR;
				GCC_WARN_UNDECLARED_SELECTOR = YES;
				GCC_WARN_UNINITIALIZED_AUTOS = YES_AGGRESSIVE;
				GCC_WARN_UNUSED_FUNCTION = YES;
				GCC_WARN_UNUSED_VARIABLE = YES;
				IPHONEOS_DEPLOYMENT_TARGET = 11.0;
				MTL_ENABLE_DEBUG_INFO = YES;
				ONLY_ACTIVE_ARCH = YES;
				SDKROOT = iphoneos;
			};
			name = Debug;
		};
		1891440B205812CE001784F5 /* Release */ = {
			isa = XCBuildConfiguration;
			buildSettings = {
				ALWAYS_SEARCH_USER_PATHS = NO;
				CLANG_ANALYZER_NONNULL = YES;
				CLANG_ANALYZER_NUMBER_OBJECT_CONVERSION = YES_AGGRESSIVE;
				CLANG_CXX_LANGUAGE_STANDARD = "gnu++14";
				CLANG_CXX_LIBRARY = "libc++";
				CLANG_ENABLE_MODULES = YES;
				CLANG_ENABLE_OBJC_ARC = YES;
				CLANG_WARN_BLOCK_CAPTURE_AUTORELEASING = YES;
				CLANG_WARN_BOOL_CONVERSION = YES;
				CLANG_WARN_COMMA = YES;
				CLANG_WARN_CONSTANT_CONVERSION = YES;
				CLANG_WARN_DIRECT_OBJC_ISA_USAGE = YES_ERROR;
				CLANG_WARN_DOCUMENTATION_COMMENTS = YES;
				CLANG_WARN_EMPTY_BODY = YES;
				CLANG_WARN_ENUM_CONVERSION = YES;
				CLANG_WARN_INFINITE_RECURSION = YES;
				CLANG_WARN_INT_CONVERSION = YES;
				CLANG_WARN_NON_LITERAL_NULL_CONVERSION = YES;
				CLANG_WARN_OBJC_LITERAL_CONVERSION = YES;
				CLANG_WARN_OBJC_ROOT_CLASS = YES_ERROR;
				CLANG_WARN_RANGE_LOOP_ANALYSIS = YES;
				CLANG_WARN_STRICT_PROTOTYPES = YES;
				CLANG_WARN_SUSPICIOUS_MOVE = YES;
				CLANG_WARN_UNGUARDED_AVAILABILITY = YES_AGGRESSIVE;
				CLANG_WARN_UNREACHABLE_CODE = YES;
				CLANG_WARN__DUPLICATE_METHOD_MATCH = YES;
				CODE_SIGN_IDENTITY = "iPhone Developer";
				COPY_PHASE_STRIP = NO;
				DEBUG_INFORMATION_FORMAT = "dwarf-with-dsym";
				ENABLE_NS_ASSERTIONS = NO;
				ENABLE_STRICT_OBJC_MSGSEND = YES;
				GCC_C_LANGUAGE_STANDARD = gnu11;
				GCC_NO_COMMON_BLOCKS = YES;
				GCC_WARN_64_TO_32_BIT_CONVERSION = YES;
				GCC_WARN_ABOUT_RETURN_TYPE = YES_ERROR;
				GCC_WARN_UNDECLARED_SELECTOR = YES;
				GCC_WARN_UNINITIALIZED_AUTOS = YES_AGGRESSIVE;
				GCC_WARN_UNUSED_FUNCTION = YES;
				GCC_WARN_UNUSED_VARIABLE = YES;
				IPHONEOS_DEPLOYMENT_TARGET = 11.0;
				MTL_ENABLE_DEBUG_INFO = NO;
				SDKROOT = iphoneos;
				VALIDATE_PRODUCT = YES;
			};
			name = Release;
		};
		1891440D205812CE001784F5 /* Debug */ = {
			isa = XCBuildConfiguration;
			buildSettings = {
				ASSETCATALOG_COMPILER_APPICON_NAME = AppIcon;
				CODE_SIGN_STYLE = Automatic;
				DEVELOPMENT_TEAM = W5PE2ZM23A;
				INFOPLIST_FILE = "02-runtime交换方法/Info.plist";
				LD_RUNPATH_SEARCH_PATHS = "$(inherited) @executable_path/Frameworks";
				PRODUCT_BUNDLE_IDENTIFIER = "oufei.com.-2-runtime----";
				PRODUCT_NAME = "$(TARGET_NAME)";
				TARGETED_DEVICE_FAMILY = "1,2";
			};
			name = Debug;
		};
		1891440E205812CE001784F5 /* Release */ = {
			isa = XCBuildConfiguration;
			buildSettings = {
				ASSETCATALOG_COMPILER_APPICON_NAME = AppIcon;
				CODE_SIGN_STYLE = Automatic;
				DEVELOPMENT_TEAM = W5PE2ZM23A;
				INFOPLIST_FILE = "02-runtime交换方法/Info.plist";
				LD_RUNPATH_SEARCH_PATHS = "$(inherited) @executable_path/Frameworks";
				PRODUCT_BUNDLE_IDENTIFIER = "oufei.com.-2-runtime----";
				PRODUCT_NAME = "$(TARGET_NAME)";
				TARGETED_DEVICE_FAMILY = "1,2";
			};
			name = Release;
		};
		18914410205812CE001784F5 /* Debug */ = {
			isa = XCBuildConfiguration;
			buildSettings = {
				BUNDLE_LOADER = "$(TEST_HOST)";
				CODE_SIGN_STYLE = Automatic;
				DEVELOPMENT_TEAM = W5PE2ZM23A;
				INFOPLIST_FILE = "02-runtime交换方法Tests/Info.plist";
				LD_RUNPATH_SEARCH_PATHS = "$(inherited) @executable_path/Frameworks @loader_path/Frameworks";
				PRODUCT_BUNDLE_IDENTIFIER = "oufei.com.-2-runtime----Tests";
				PRODUCT_NAME = "$(TARGET_NAME)";
				TARGETED_DEVICE_FAMILY = "1,2";
				TEST_HOST = "$(BUILT_PRODUCTS_DIR)/02-runtime交换方法.app/02-runtime交换方法";
			};
			name = Debug;
		};
		18914411205812CE001784F5 /* Release */ = {
			isa = XCBuildConfiguration;
			buildSettings = {
				BUNDLE_LOADER = "$(TEST_HOST)";
				CODE_SIGN_STYLE = Automatic;
				DEVELOPMENT_TEAM = W5PE2ZM23A;
				INFOPLIST_FILE = "02-runtime交换方法Tests/Info.plist";
				LD_RUNPATH_SEARCH_PATHS = "$(inherited) @executable_path/Frameworks @loader_path/Frameworks";
				PRODUCT_BUNDLE_IDENTIFIER = "oufei.com.-2-runtime----Tests";
				PRODUCT_NAME = "$(TARGET_NAME)";
				TARGETED_DEVICE_FAMILY = "1,2";
				TEST_HOST = "$(BUILT_PRODUCTS_DIR)/02-runtime交换方法.app/02-runtime交换方法";
			};
			name = Release;
		};
		18914413205812CE001784F5 /* Debug */ = {
			isa = XCBuildConfiguration;
			buildSettings = {
				CODE_SIGN_STYLE = Automatic;
				DEVELOPMENT_TEAM = W5PE2ZM23A;
				INFOPLIST_FILE = "02-runtime交换方法UITests/Info.plist";
				LD_RUNPATH_SEARCH_PATHS = "$(inherited) @executable_path/Frameworks @loader_path/Frameworks";
				PRODUCT_BUNDLE_IDENTIFIER = "oufei.com.-2-runtime----UITests";
				PRODUCT_NAME = "$(TARGET_NAME)";
				TARGETED_DEVICE_FAMILY = "1,2";
				TEST_TARGET_NAME = "02-runtime交换方法";
			};
			name = Debug;
		};
		18914414205812CE001784F5 /* Release */ = {
			isa = XCBuildConfiguration;
			buildSettings = {
				CODE_SIGN_STYLE = Automatic;
				DEVELOPMENT_TEAM = W5PE2ZM23A;
				INFOPLIST_FILE = "02-runtime交换方法UITests/Info.plist";
				LD_RUNPATH_SEARCH_PATHS = "$(inherited) @executable_path/Frameworks @loader_path/Frameworks";
				PRODUCT_BUNDLE_IDENTIFIER = "oufei.com.-2-runtime----UITests";
				PRODUCT_NAME = "$(TARGET_NAME)";
				TARGETED_DEVICE_FAMILY = "1,2";
				TEST_TARGET_NAME = "02-runtime交换方法";
			};
			name = Release;
		};
/* End XCBuildConfiguration section */

/* Begin XCConfigurationList section */
		189143DB205812CE001784F5 /* Build configuration list for PBXProject "02-runtime交换方法" */ = {
			isa = XCConfigurationList;
			buildConfigurations = (
				1891440A205812CE001784F5 /* Debug */,
				1891440B205812CE001784F5 /* Release */,
			);
			defaultConfigurationIsVisible = 0;
			defaultConfigurationName = Release;
		};
		1891440C205812CE001784F5 /* Build configuration list for PBXNativeTarget "02-runtime交换方法" */ = {
			isa = XCConfigurationList;
			buildConfigurations = (
				1891440D205812CE001784F5 /* Debug */,
				1891440E205812CE001784F5 /* Release */,
			);
			defaultConfigurationIsVisible = 0;
			defaultConfigurationName = Release;
		};
		1891440F205812CE001784F5 /* Build configuration list for PBXNativeTarget "02-runtime交换方法Tests" */ = {
			isa = XCConfigurationList;
			buildConfigurations = (
				18914410205812CE001784F5 /* Debug */,
				18914411205812CE001784F5 /* Release */,
			);
			defaultConfigurationIsVisible = 0;
			defaultConfigurationName = Release;
		};
		18914412205812CE001784F5 /* Build configuration list for PBXNativeTarget "02-runtime交换方法UITests" */ = {
			isa = XCConfigurationList;
			buildConfigurations = (
				18914413205812CE001784F5 /* Debug */,
				18914414205812CE001784F5 /* Release */,
			);
			defaultConfigurationIsVisible = 0;
			defaultConfigurationName = Release;
		};
/* End XCConfigurationList section */
	};
	rootObject = 189143D8205812CE001784F5 /* Project object */;
}
